
Microsoft Visual Studio Solution File, Format Version 12.00
# Visual Studio Version 16
VisualStudioVersion = 16.0.31829.152
MinimumVisualStudioVersion = 10.0.40219.1
Project("{FAE04EC0-301F-11D3-BF4B-00C04F79EFBC}") = "EShop_backend", "EShop_backend\EShop_backend.csproj", "{F9CEBC1B-1C1B-4797-82B8-7C857833F0DA}"
EndProject
Global
	GlobalSection(SolutionConfigurationPlatforms) = preSolution
		Debug|Any CPU = Debug|Any CPU
		Release|Any CPU = Release|Any CPU
	EndGlobalSection
	GlobalSection(ProjectConfigurationPlatforms) = postSolution
		{F9CEBC1B-1C1B-4797-82B8-7C857833F0DA}.Debug|Any CPU.ActiveCfg = Debug|Any CPU
		{F9CEBC1B-1C1B-4797-82B8-7C857833F0DA}.Debug|Any CPU.Build.0 = Debug|Any CPU
		{F9CEBC1B-1C1B-4797-82B8-7C857833F0DA}.Release|Any CPU.ActiveCfg = Release|Any CPU
		{F9CEBC1B-1C1B-4797-82B8-7C857833F0DA}.Release|Any CPU.Build.0 = Release|Any CPU
	EndGlobalSection
	GlobalSection(SolutionProperties) = preSolution
		HideSolutionNode = FALSE
	EndGlobalSection
	GlobalSection(ExtensibilityGlobals) = postSolution
		SolutionGuid = {0191472D-3F11-489A-9924-9A9203DA115B}
	EndGlobalSection
EndGlobal
